// !$*UTF8*$!
{
	archiveVersion = 1;
	classes = {
	};
	objectVersion = 46;
	objects = {

/* Begin PBXBuildFile section */
		3DD463A48F6C4C3684A374A9 /* libPods.a in Frameworks */ = {isa = PBXBuildFile; fileRef = D890258C2A944EA7A6C3ECC8 /* libPods.a */; };
		5C66FE2F18F2788B00AB0965 /* CPUser.m in Sources */ = {isa = PBXBuildFile; fileRef = 5C66FE2E18F2788B00AB0965 /* CPUser.m */; };
		65173C2018F38BD3002B2C14 /* CPMainViewController.m in Sources */ = {isa = PBXBuildFile; fileRef = 65173C1E18F38BD3002B2C14 /* CPMainViewController.m */; };
		65173C2118F38BD3002B2C14 /* CPMainViewController.xib in Resources */ = {isa = PBXBuildFile; fileRef = 65173C1F18F38BD3002B2C14 /* CPMainViewController.xib */; };
		65173C2518F38C00002B2C14 /* CPHamburgerMenuViewController.m in Sources */ = {isa = PBXBuildFile; fileRef = 65173C2318F38C00002B2C14 /* CPHamburgerMenuViewController.m */; };
		65173C2618F38C00002B2C14 /* CPHamburgerMenuViewController.xib in Resources */ = {isa = PBXBuildFile; fileRef = 65173C2418F38C00002B2C14 /* CPHamburgerMenuViewController.xib */; };
		65173C2A18F38C57002B2C14 /* CPViewLocationViewController.m in Sources */ = {isa = PBXBuildFile; fileRef = 65173C2818F38C57002B2C14 /* CPViewLocationViewController.m */; };
		65173C2B18F38C57002B2C14 /* CPViewLocationViewController.xib in Resources */ = {isa = PBXBuildFile; fileRef = 65173C2918F38C57002B2C14 /* CPViewLocationViewController.xib */; };
		65173C2D18F6320A002B2C14 /* MapKit.framework in Frameworks */ = {isa = PBXBuildFile; fileRef = 65173C2C18F6320A002B2C14 /* MapKit.framework */; };
		6524D9D818F23AB80072620D /* CPParseClient.m in Sources */ = {isa = PBXBuildFile; fileRef = 6524D9D718F23AB80072620D /* CPParseClient.m */; };
		6524D9DA18F23B570072620D /* ParseClient.plist in Resources */ = {isa = PBXBuildFile; fileRef = 6524D9D918F23B570072620D /* ParseClient.plist */; };
		652D805618F7AA900027D752 /* data.json in Resources */ = {isa = PBXBuildFile; fileRef = 652D805418F7A3250027D752 /* data.json */; };
		6548959B18ED08E3002E7F0E /* CPRack.m in Sources */ = {isa = PBXBuildFile; fileRef = 6548959A18ED08E3002E7F0E /* CPRack.m */; };
		65509B1D190A2C7700084D69 /* ZSPinAnnotation.m in Sources */ = {isa = PBXBuildFile; fileRef = 65509B1C190A2C7700084D69 /* ZSPinAnnotation.m */; };
		6567DAD3190F5A3800C6D378 /* help_screen3.png in Resources */ = {isa = PBXBuildFile; fileRef = 6567DAD2190F5A3800C6D378 /* help_screen3.png */; };
		657BD82B18FB847A00A887EC /* CPAnnotationGroup.m in Sources */ = {isa = PBXBuildFile; fileRef = 657BD82A18FB847A00A887EC /* CPAnnotationGroup.m */; };
		6583AF1918EC931D00D46333 /* Foundation.framework in Frameworks */ = {isa = PBXBuildFile; fileRef = 6583AF1818EC931D00D46333 /* Foundation.framework */; };
		6583AF1B18EC931D00D46333 /* CoreGraphics.framework in Frameworks */ = {isa = PBXBuildFile; fileRef = 6583AF1A18EC931D00D46333 /* CoreGraphics.framework */; };
		6583AF1D18EC931D00D46333 /* UIKit.framework in Frameworks */ = {isa = PBXBuildFile; fileRef = 6583AF1C18EC931D00D46333 /* UIKit.framework */; };
		6583AF2318EC931D00D46333 /* InfoPlist.strings in Resources */ = {isa = PBXBuildFile; fileRef = 6583AF2118EC931D00D46333 /* InfoPlist.strings */; };
		6583AF2518EC931D00D46333 /* main.m in Sources */ = {isa = PBXBuildFile; fileRef = 6583AF2418EC931D00D46333 /* main.m */; };
		6583AF2918EC931D00D46333 /* CPAppDelegate.m in Sources */ = {isa = PBXBuildFile; fileRef = 6583AF2818EC931D00D46333 /* CPAppDelegate.m */; };
		6583AF2B18EC931D00D46333 /* Images.xcassets in Resources */ = {isa = PBXBuildFile; fileRef = 6583AF2A18EC931D00D46333 /* Images.xcassets */; };
		6583AF3218EC931D00D46333 /* XCTest.framework in Frameworks */ = {isa = PBXBuildFile; fileRef = 6583AF3118EC931D00D46333 /* XCTest.framework */; };
		6583AF3318EC931D00D46333 /* Foundation.framework in Frameworks */ = {isa = PBXBuildFile; fileRef = 6583AF1818EC931D00D46333 /* Foundation.framework */; };
		6583AF3418EC931D00D46333 /* UIKit.framework in Frameworks */ = {isa = PBXBuildFile; fileRef = 6583AF1C18EC931D00D46333 /* UIKit.framework */; };
		6583AF3C18EC931D00D46333 /* InfoPlist.strings in Resources */ = {isa = PBXBuildFile; fileRef = 6583AF3A18EC931D00D46333 /* InfoPlist.strings */; };
		6583AF3E18EC931D00D46333 /* GroupProjectTests.m in Sources */ = {isa = PBXBuildFile; fileRef = 6583AF3D18EC931D00D46333 /* GroupProjectTests.m */; };
		658D6A9518FA4A3F009D6812 /* CPRackAnnotation.m in Sources */ = {isa = PBXBuildFile; fileRef = 658D6A9418FA4A3F009D6812 /* CPRackAnnotation.m */; };
		658D6A9E18FA59DA009D6812 /* CPRackMiniDetailViewController.m in Sources */ = {isa = PBXBuildFile; fileRef = 658D6A9C18FA59DA009D6812 /* CPRackMiniDetailViewController.m */; };
		658D6A9F18FA59DA009D6812 /* CPRackMiniDetailViewController.xib in Resources */ = {isa = PBXBuildFile; fileRef = 658D6A9D18FA59DA009D6812 /* CPRackMiniDetailViewController.xib */; };
		65A424BA1910BFB9003AA7B8 /* CPSwipeInstructionsViewController.m in Sources */ = {isa = PBXBuildFile; fileRef = 65A424B81910BFB9003AA7B8 /* CPSwipeInstructionsViewController.m */; };
		65A424BB1910BFB9003AA7B8 /* CPSwipeInstructionsViewController.xib in Resources */ = {isa = PBXBuildFile; fileRef = 65A424B91910BFB9003AA7B8 /* CPSwipeInstructionsViewController.xib */; };
		65B2F924190438B20057BC8B /* CoreMedia.framework in Frameworks */ = {isa = PBXBuildFile; fileRef = 65B2F923190438B20057BC8B /* CoreMedia.framework */; };
		65B2F926190438BC0057BC8B /* CoreVideo.framework in Frameworks */ = {isa = PBXBuildFile; fileRef = 65B2F925190438BC0057BC8B /* CoreVideo.framework */; };
		65B2F928190438C90057BC8B /* OpenGLES.framework in Frameworks */ = {isa = PBXBuildFile; fileRef = 65B2F927190438C90057BC8B /* OpenGLES.framework */; };
		65B2F92A190438D60057BC8B /* AVFoundation.framework in Frameworks */ = {isa = PBXBuildFile; fileRef = 65B2F929190438D60057BC8B /* AVFoundation.framework */; };
		65B6960B190C658B0079F909 /* AppIcon29x29.png in Resources */ = {isa = PBXBuildFile; fileRef = 65B695FB190C658B0079F909 /* AppIcon29x29.png */; };
		65B6960C190C658B0079F909 /* AppIcon29x29@2x.png in Resources */ = {isa = PBXBuildFile; fileRef = 65B695FC190C658B0079F909 /* AppIcon29x29@2x.png */; };
		65B6960D190C658B0079F909 /* AppIcon40x40.png in Resources */ = {isa = PBXBuildFile; fileRef = 65B695FD190C658B0079F909 /* AppIcon40x40.png */; };
		65B6960E190C658B0079F909 /* AppIcon40x40@2x.png in Resources */ = {isa = PBXBuildFile; fileRef = 65B695FE190C658B0079F909 /* AppIcon40x40@2x.png */; };
		65B6960F190C658B0079F909 /* AppIcon50x50.png in Resources */ = {isa = PBXBuildFile; fileRef = 65B695FF190C658B0079F909 /* AppIcon50x50.png */; };
		65B69610190C658B0079F909 /* AppIcon50x50@2x.png in Resources */ = {isa = PBXBuildFile; fileRef = 65B69600190C658B0079F909 /* AppIcon50x50@2x.png */; };
		65B69611190C658B0079F909 /* AppIcon57x57.png in Resources */ = {isa = PBXBuildFile; fileRef = 65B69601190C658B0079F909 /* AppIcon57x57.png */; };
		65B69612190C658B0079F909 /* AppIcon57x57@2x.png in Resources */ = {isa = PBXBuildFile; fileRef = 65B69602190C658B0079F909 /* AppIcon57x57@2x.png */; };
		65B69613190C658B0079F909 /* AppIcon60x60.png in Resources */ = {isa = PBXBuildFile; fileRef = 65B69603190C658B0079F909 /* AppIcon60x60.png */; };
		65B69614190C658B0079F909 /* AppIcon60x60@2x.png in Resources */ = {isa = PBXBuildFile; fileRef = 65B69604190C658B0079F909 /* AppIcon60x60@2x.png */; };
		65B69615190C658B0079F909 /* AppIcon72x72.png in Resources */ = {isa = PBXBuildFile; fileRef = 65B69605190C658B0079F909 /* AppIcon72x72.png */; };
		65B69616190C658B0079F909 /* AppIcon72x72@2x.png in Resources */ = {isa = PBXBuildFile; fileRef = 65B69606190C658B0079F909 /* AppIcon72x72@2x.png */; };
		65B69617190C658B0079F909 /* AppIcon76x76.png in Resources */ = {isa = PBXBuildFile; fileRef = 65B69607190C658B0079F909 /* AppIcon76x76.png */; };
		65B69618190C658B0079F909 /* AppIcon76x76@2x.png in Resources */ = {isa = PBXBuildFile; fileRef = 65B69608190C658B0079F909 /* AppIcon76x76@2x.png */; };
		65B69619190C658B0079F909 /* iTunesArtwork.png in Resources */ = {isa = PBXBuildFile; fileRef = 65B69609190C658B0079F909 /* iTunesArtwork.png */; };
		65B6961A190C658B0079F909 /* iTunesArtwork@2x.png in Resources */ = {isa = PBXBuildFile; fileRef = 65B6960A190C658B0079F909 /* iTunesArtwork@2x.png */; };
		65B6961E190DBB800079F909 /* CPHelpScreenViewController.m in Sources */ = {isa = PBXBuildFile; fileRef = 65B6961C190DBB800079F909 /* CPHelpScreenViewController.m */; };
		65B6961F190DBB800079F909 /* CPHelpScreenViewController.xib in Resources */ = {isa = PBXBuildFile; fileRef = 65B6961D190DBB800079F909 /* CPHelpScreenViewController.xib */; };
		65B69621190DC1D00079F909 /* help_screen.png in Resources */ = {isa = PBXBuildFile; fileRef = 65B69620190DC1D00079F909 /* help_screen.png */; };
		65B69625190DEE090079F909 /* CPInstructionViewController.m in Sources */ = {isa = PBXBuildFile; fileRef = 65B69623190DEE090079F909 /* CPInstructionViewController.m */; };
		65B69626190DEE090079F909 /* CPInstructionViewController.xib in Resources */ = {isa = PBXBuildFile; fileRef = 65B69624190DEE090079F909 /* CPInstructionViewController.xib */; };
		65CF9BC6190F3F210017C95E /* help_screen2.png in Resources */ = {isa = PBXBuildFile; fileRef = 65CF9BC5190F3F210017C95E /* help_screen2.png */; };
		65DA83F318EDF7A70091FC1C /* Parse.framework in Frameworks */ = {isa = PBXBuildFile; fileRef = 65DA83F218EDF7A70091FC1C /* Parse.framework */; };
		65DA83F518EDF7EA0091FC1C /* AudioToolbox.framework in Frameworks */ = {isa = PBXBuildFile; fileRef = 65DA83F418EDF7EA0091FC1C /* AudioToolbox.framework */; };
		65DA83F718EDF7F10091FC1C /* CFNetwork.framework in Frameworks */ = {isa = PBXBuildFile; fileRef = 65DA83F618EDF7F10091FC1C /* CFNetwork.framework */; };
		65DA83F918EDF8020091FC1C /* CoreLocation.framework in Frameworks */ = {isa = PBXBuildFile; fileRef = 65DA83F818EDF8020091FC1C /* CoreLocation.framework */; };
		65DA83FD18EDF8180091FC1C /* MobileCoreServices.framework in Frameworks */ = {isa = PBXBuildFile; fileRef = 65DA83FC18EDF8180091FC1C /* MobileCoreServices.framework */; };
		65DA83FF18EDF8210091FC1C /* QuartzCore.framework in Frameworks */ = {isa = PBXBuildFile; fileRef = 65DA83FE18EDF8210091FC1C /* QuartzCore.framework */; };
		65DA840118EDF8290091FC1C /* Security.framework in Frameworks */ = {isa = PBXBuildFile; fileRef = 65DA840018EDF8290091FC1C /* Security.framework */; };
		65DA840518EDF83D0091FC1C /* SystemConfiguration.framework in Frameworks */ = {isa = PBXBuildFile; fileRef = 65DA840418EDF83D0091FC1C /* SystemConfiguration.framework */; };
		65DA840718EDFCE30091FC1C /* libz.1.2.5.dylib in Frameworks */ = {isa = PBXBuildFile; fileRef = 65DA840618EDFCE30091FC1C /* libz.1.2.5.dylib */; };
		65E4E52718EFAD2F00559B80 /* Accounts.framework in Frameworks */ = {isa = PBXBuildFile; fileRef = 65E4E52618EFAD2F00559B80 /* Accounts.framework */; };
		65E4E52918EFAD6A00559B80 /* FacebookSDK.framework in Frameworks */ = {isa = PBXBuildFile; fileRef = 65E4E52818EFAD6A00559B80 /* FacebookSDK.framework */; };
		AE4C437618F91AAF00731F44 /* CPEnterAccountViewController.m in Sources */ = {isa = PBXBuildFile; fileRef = AE4C437418F91AAF00731F44 /* CPEnterAccountViewController.m */; };
		AE4C437718F91AAF00731F44 /* CPEnterAccountViewController.xib in Resources */ = {isa = PBXBuildFile; fileRef = AE4C437518F91AAF00731F44 /* CPEnterAccountViewController.xib */; };
		AE4C437B18F91BFA00731F44 /* CPSignInViewController.m in Sources */ = {isa = PBXBuildFile; fileRef = AE4C437918F91BFA00731F44 /* CPSignInViewController.m */; };
		AE4C437C18F91BFA00731F44 /* CPSignInViewController.xib in Resources */ = {isa = PBXBuildFile; fileRef = AE4C437A18F91BFA00731F44 /* CPSignInViewController.xib */; };
		AE4C438518FA074600731F44 /* CPSearchSettingsViewController.m in Sources */ = {isa = PBXBuildFile; fileRef = AE4C438318FA074600731F44 /* CPSearchSettingsViewController.m */; };
		AE4C438618FA074600731F44 /* CPSearchSettingsViewController.xib in Resources */ = {isa = PBXBuildFile; fileRef = AE4C438418FA074600731F44 /* CPSearchSettingsViewController.xib */; };
		AE4C438A18FA075E00731F44 /* CPUserProfileViewController.m in Sources */ = {isa = PBXBuildFile; fileRef = AE4C438818FA075E00731F44 /* CPUserProfileViewController.m */; };
		AE4C438B18FA075E00731F44 /* CPUserProfileViewController.xib in Resources */ = {isa = PBXBuildFile; fileRef = AE4C438918FA075E00731F44 /* CPUserProfileViewController.xib */; };
		AE4C438F18FA508700731F44 /* CPMenuCell.m in Sources */ = {isa = PBXBuildFile; fileRef = AE4C438D18FA508700731F44 /* CPMenuCell.m */; };
		AE4C439018FA508700731F44 /* CPMenuCell.xib in Resources */ = {isa = PBXBuildFile; fileRef = AE4C438E18FA508700731F44 /* CPMenuCell.xib */; };
		AE4C439418FA6B7000731F44 /* CPSettingsViewController.m in Sources */ = {isa = PBXBuildFile; fileRef = AE4C439218FA6B7000731F44 /* CPSettingsViewController.m */; };
		AE4C439518FA6B7000731F44 /* CPSettingsViewController.xib in Resources */ = {isa = PBXBuildFile; fileRef = AE4C439318FA6B7000731F44 /* CPSettingsViewController.xib */; };
		AE7CE320190CD223009CA751 /* CPLabelCell.m in Sources */ = {isa = PBXBuildFile; fileRef = AE7CE31E190CD223009CA751 /* CPLabelCell.m */; };
		AE7CE321190CD223009CA751 /* CPLabelCell.xib in Resources */ = {isa = PBXBuildFile; fileRef = AE7CE31F190CD223009CA751 /* CPLabelCell.xib */; };
		AE7CE325190E1872009CA751 /* CPAboutViewController.m in Sources */ = {isa = PBXBuildFile; fileRef = AE7CE323190E1872009CA751 /* CPAboutViewController.m */; };
		AE7CE326190E1872009CA751 /* CPAboutViewController.xib in Resources */ = {isa = PBXBuildFile; fileRef = AE7CE324190E1872009CA751 /* CPAboutViewController.xib */; };
		AEC149BC1903366800A66CE6 /* CPAddParkingViewController.m in Sources */ = {isa = PBXBuildFile; fileRef = AEC149BA1903366800A66CE6 /* CPAddParkingViewController.m */; };
		AEC149BD1903366800A66CE6 /* CPAddParkingViewController.xib in Resources */ = {isa = PBXBuildFile; fileRef = AEC149BB1903366800A66CE6 /* CPAddParkingViewController.xib */; };
/* End PBXBuildFile section */

/* Begin PBXContainerItemProxy section */
		6583AF3518EC931D00D46333 /* PBXContainerItemProxy */ = {
			isa = PBXContainerItemProxy;
			containerPortal = 6583AF0D18EC931D00D46333 /* Project object */;
			proxyType = 1;
			remoteGlobalIDString = 6583AF1418EC931D00D46333;
			remoteInfo = GroupProject;
		};
/* End PBXContainerItemProxy section */

/* Begin PBXFileReference section */
		215048BF48324A4E953CADC1 /* Pods.xcconfig */ = {isa = PBXFileReference; includeInIndex = 1; lastKnownFileType = text.xcconfig; name = Pods.xcconfig; path = Pods/Pods.xcconfig; sourceTree = "<group>"; };
		5C66FE2D18F2788B00AB0965 /* CPUser.h */ = {isa = PBXFileReference; fileEncoding = 4; lastKnownFileType = sourcecode.c.h; name = CPUser.h; path = Models/CPUser.h; sourceTree = "<group>"; };
		5C66FE2E18F2788B00AB0965 /* CPUser.m */ = {isa = PBXFileReference; fileEncoding = 4; lastKnownFileType = sourcecode.c.objc; name = CPUser.m; path = Models/CPUser.m; sourceTree = "<group>"; };
		65173C1D18F38BD3002B2C14 /* CPMainViewController.h */ = {isa = PBXFileReference; fileEncoding = 4; lastKnownFileType = sourcecode.c.h; name = CPMainViewController.h; path = ViewControllers/CPMainViewController.h; sourceTree = "<group>"; };
		65173C1E18F38BD3002B2C14 /* CPMainViewController.m */ = {isa = PBXFileReference; fileEncoding = 4; lastKnownFileType = sourcecode.c.objc; name = CPMainViewController.m; path = ViewControllers/CPMainViewController.m; sourceTree = "<group>"; };
		65173C1F18F38BD3002B2C14 /* CPMainViewController.xib */ = {isa = PBXFileReference; fileEncoding = 4; lastKnownFileType = file.xib; name = CPMainViewController.xib; path = ViewControllers/CPMainViewController.xib; sourceTree = "<group>"; };
		65173C2218F38C00002B2C14 /* CPHamburgerMenuViewController.h */ = {isa = PBXFileReference; fileEncoding = 4; lastKnownFileType = sourcecode.c.h; name = CPHamburgerMenuViewController.h; path = ViewControllers/CPHamburgerMenuViewController.h; sourceTree = "<group>"; };
		65173C2318F38C00002B2C14 /* CPHamburgerMenuViewController.m */ = {isa = PBXFileReference; fileEncoding = 4; lastKnownFileType = sourcecode.c.objc; name = CPHamburgerMenuViewController.m; path = ViewControllers/CPHamburgerMenuViewController.m; sourceTree = "<group>"; };
		65173C2418F38C00002B2C14 /* CPHamburgerMenuViewController.xib */ = {isa = PBXFileReference; fileEncoding = 4; lastKnownFileType = file.xib; name = CPHamburgerMenuViewController.xib; path = ViewControllers/CPHamburgerMenuViewController.xib; sourceTree = "<group>"; };
		65173C2718F38C57002B2C14 /* CPViewLocationViewController.h */ = {isa = PBXFileReference; fileEncoding = 4; lastKnownFileType = sourcecode.c.h; name = CPViewLocationViewController.h; path = ViewControllers/CPViewLocationViewController.h; sourceTree = "<group>"; };
		65173C2818F38C57002B2C14 /* CPViewLocationViewController.m */ = {isa = PBXFileReference; fileEncoding = 4; lastKnownFileType = sourcecode.c.objc; name = CPViewLocationViewController.m; path = ViewControllers/CPViewLocationViewController.m; sourceTree = "<group>"; };
		65173C2918F38C57002B2C14 /* CPViewLocationViewController.xib */ = {isa = PBXFileReference; fileEncoding = 4; lastKnownFileType = file.xib; name = CPViewLocationViewController.xib; path = ViewControllers/CPViewLocationViewController.xib; sourceTree = "<group>"; };
		65173C2C18F6320A002B2C14 /* MapKit.framework */ = {isa = PBXFileReference; lastKnownFileType = wrapper.framework; name = MapKit.framework; path = System/Library/Frameworks/MapKit.framework; sourceTree = SDKROOT; };
		6524D9D618F23AB80072620D /* CPParseClient.h */ = {isa = PBXFileReference; fileEncoding = 4; lastKnownFileType = sourcecode.c.h; name = CPParseClient.h; path = DAL/CPParseClient.h; sourceTree = "<group>"; };
		6524D9D718F23AB80072620D /* CPParseClient.m */ = {isa = PBXFileReference; fileEncoding = 4; lastKnownFileType = sourcecode.c.objc; name = CPParseClient.m; path = DAL/CPParseClient.m; sourceTree = "<group>"; };
		6524D9D918F23B570072620D /* ParseClient.plist */ = {isa = PBXFileReference; fileEncoding = 4; lastKnownFileType = text.plist.xml; name = ParseClient.plist; path = DAL/ParseClient.plist; sourceTree = "<group>"; };
		652D805418F7A3250027D752 /* data.json */ = {isa = PBXFileReference; fileEncoding = 4; lastKnownFileType = text.json; path = data.json; sourceTree = "<group>"; };
		6548959918ED08E3002E7F0E /* CPRack.h */ = {isa = PBXFileReference; fileEncoding = 4; lastKnownFileType = sourcecode.c.h; name = CPRack.h; path = Models/CPRack.h; sourceTree = "<group>"; };
		6548959A18ED08E3002E7F0E /* CPRack.m */ = {isa = PBXFileReference; fileEncoding = 4; lastKnownFileType = sourcecode.c.objc; name = CPRack.m; path = Models/CPRack.m; sourceTree = "<group>"; };
		65509B1B190A2C7700084D69 /* ZSPinAnnotation.h */ = {isa = PBXFileReference; fileEncoding = 4; lastKnownFileType = sourcecode.c.h; name = ZSPinAnnotation.h; path = "Custom Pin/ZSPinAnnotation.h"; sourceTree = "<group>"; };
		65509B1C190A2C7700084D69 /* ZSPinAnnotation.m */ = {isa = PBXFileReference; fileEncoding = 4; lastKnownFileType = sourcecode.c.objc; name = ZSPinAnnotation.m; path = "Custom Pin/ZSPinAnnotation.m"; sourceTree = "<group>"; };
		6567DAD2190F5A3800C6D378 /* help_screen3.png */ = {isa = PBXFileReference; lastKnownFileType = image.png; path = help_screen3.png; sourceTree = "<group>"; };
		657BD82918FB847A00A887EC /* CPAnnotationGroup.h */ = {isa = PBXFileReference; fileEncoding = 4; lastKnownFileType = sourcecode.c.h; name = CPAnnotationGroup.h; path = Models/CPAnnotationGroup.h; sourceTree = "<group>"; };
		657BD82A18FB847A00A887EC /* CPAnnotationGroup.m */ = {isa = PBXFileReference; fileEncoding = 4; lastKnownFileType = sourcecode.c.objc; name = CPAnnotationGroup.m; path = Models/CPAnnotationGroup.m; sourceTree = "<group>"; };
		6583AF1518EC931D00D46333 /* GroupProject.app */ = {isa = PBXFileReference; explicitFileType = wrapper.application; includeInIndex = 0; path = GroupProject.app; sourceTree = BUILT_PRODUCTS_DIR; };
		6583AF1818EC931D00D46333 /* Foundation.framework */ = {isa = PBXFileReference; lastKnownFileType = wrapper.framework; name = Foundation.framework; path = System/Library/Frameworks/Foundation.framework; sourceTree = SDKROOT; };
		6583AF1A18EC931D00D46333 /* CoreGraphics.framework */ = {isa = PBXFileReference; lastKnownFileType = wrapper.framework; name = CoreGraphics.framework; path = System/Library/Frameworks/CoreGraphics.framework; sourceTree = SDKROOT; };
		6583AF1C18EC931D00D46333 /* UIKit.framework */ = {isa = PBXFileReference; lastKnownFileType = wrapper.framework; name = UIKit.framework; path = System/Library/Frameworks/UIKit.framework; sourceTree = SDKROOT; };
		6583AF2018EC931D00D46333 /* GroupProject-Info.plist */ = {isa = PBXFileReference; lastKnownFileType = text.plist.xml; path = "GroupProject-Info.plist"; sourceTree = "<group>"; };
		6583AF2218EC931D00D46333 /* en */ = {isa = PBXFileReference; lastKnownFileType = text.plist.strings; name = en; path = en.lproj/InfoPlist.strings; sourceTree = "<group>"; };
		6583AF2418EC931D00D46333 /* main.m */ = {isa = PBXFileReference; lastKnownFileType = sourcecode.c.objc; path = main.m; sourceTree = "<group>"; };
		6583AF2618EC931D00D46333 /* GroupProject-Prefix.pch */ = {isa = PBXFileReference; lastKnownFileType = sourcecode.c.h; path = "GroupProject-Prefix.pch"; sourceTree = "<group>"; };
		6583AF2718EC931D00D46333 /* CPAppDelegate.h */ = {isa = PBXFileReference; lastKnownFileType = sourcecode.c.h; path = CPAppDelegate.h; sourceTree = "<group>"; };
		6583AF2818EC931D00D46333 /* CPAppDelegate.m */ = {isa = PBXFileReference; lastKnownFileType = sourcecode.c.objc; path = CPAppDelegate.m; sourceTree = "<group>"; };
		6583AF2A18EC931D00D46333 /* Images.xcassets */ = {isa = PBXFileReference; lastKnownFileType = folder.assetcatalog; path = Images.xcassets; sourceTree = "<group>"; };
		6583AF3018EC931D00D46333 /* GroupProjectTests.xctest */ = {isa = PBXFileReference; explicitFileType = wrapper.cfbundle; includeInIndex = 0; path = GroupProjectTests.xctest; sourceTree = BUILT_PRODUCTS_DIR; };
		6583AF3118EC931D00D46333 /* XCTest.framework */ = {isa = PBXFileReference; lastKnownFileType = wrapper.framework; name = XCTest.framework; path = Library/Frameworks/XCTest.framework; sourceTree = DEVELOPER_DIR; };
		6583AF3918EC931D00D46333 /* GroupProjectTests-Info.plist */ = {isa = PBXFileReference; lastKnownFileType = text.plist.xml; path = "GroupProjectTests-Info.plist"; sourceTree = "<group>"; };
		6583AF3B18EC931D00D46333 /* en */ = {isa = PBXFileReference; lastKnownFileType = text.plist.strings; name = en; path = en.lproj/InfoPlist.strings; sourceTree = "<group>"; };
		6583AF3D18EC931D00D46333 /* GroupProjectTests.m */ = {isa = PBXFileReference; lastKnownFileType = sourcecode.c.objc; path = GroupProjectTests.m; sourceTree = "<group>"; };
		658D6A9318FA4A3F009D6812 /* CPRackAnnotation.h */ = {isa = PBXFileReference; fileEncoding = 4; lastKnownFileType = sourcecode.c.h; name = CPRackAnnotation.h; path = Views/CPRackAnnotation.h; sourceTree = "<group>"; };
		658D6A9418FA4A3F009D6812 /* CPRackAnnotation.m */ = {isa = PBXFileReference; fileEncoding = 4; lastKnownFileType = sourcecode.c.objc; name = CPRackAnnotation.m; path = Views/CPRackAnnotation.m; sourceTree = "<group>"; };
		658D6A9B18FA59DA009D6812 /* CPRackMiniDetailViewController.h */ = {isa = PBXFileReference; fileEncoding = 4; lastKnownFileType = sourcecode.c.h; name = CPRackMiniDetailViewController.h; path = ViewControllers/CPRackMiniDetailViewController.h; sourceTree = "<group>"; };
		658D6A9C18FA59DA009D6812 /* CPRackMiniDetailViewController.m */ = {isa = PBXFileReference; fileEncoding = 4; lastKnownFileType = sourcecode.c.objc; name = CPRackMiniDetailViewController.m; path = ViewControllers/CPRackMiniDetailViewController.m; sourceTree = "<group>"; };
		658D6A9D18FA59DA009D6812 /* CPRackMiniDetailViewController.xib */ = {isa = PBXFileReference; fileEncoding = 4; lastKnownFileType = file.xib; name = CPRackMiniDetailViewController.xib; path = ViewControllers/CPRackMiniDetailViewController.xib; sourceTree = "<group>"; };
		65A424B71910BFB9003AA7B8 /* CPSwipeInstructionsViewController.h */ = {isa = PBXFileReference; fileEncoding = 4; lastKnownFileType = sourcecode.c.h; name = CPSwipeInstructionsViewController.h; path = ViewControllers/CPSwipeInstructionsViewController.h; sourceTree = "<group>"; };
		65A424B81910BFB9003AA7B8 /* CPSwipeInstructionsViewController.m */ = {isa = PBXFileReference; fileEncoding = 4; lastKnownFileType = sourcecode.c.objc; name = CPSwipeInstructionsViewController.m; path = ViewControllers/CPSwipeInstructionsViewController.m; sourceTree = "<group>"; };
		65A424B91910BFB9003AA7B8 /* CPSwipeInstructionsViewController.xib */ = {isa = PBXFileReference; fileEncoding = 4; lastKnownFileType = file.xib; name = CPSwipeInstructionsViewController.xib; path = ViewControllers/CPSwipeInstructionsViewController.xib; sourceTree = "<group>"; };
		65B2F923190438B20057BC8B /* CoreMedia.framework */ = {isa = PBXFileReference; lastKnownFileType = wrapper.framework; name = CoreMedia.framework; path = System/Library/Frameworks/CoreMedia.framework; sourceTree = SDKROOT; };
		65B2F925190438BC0057BC8B /* CoreVideo.framework */ = {isa = PBXFileReference; lastKnownFileType = wrapper.framework; name = CoreVideo.framework; path = System/Library/Frameworks/CoreVideo.framework; sourceTree = SDKROOT; };
		65B2F927190438C90057BC8B /* OpenGLES.framework */ = {isa = PBXFileReference; lastKnownFileType = wrapper.framework; name = OpenGLES.framework; path = System/Library/Frameworks/OpenGLES.framework; sourceTree = SDKROOT; };
		65B2F929190438D60057BC8B /* AVFoundation.framework */ = {isa = PBXFileReference; lastKnownFileType = wrapper.framework; name = AVFoundation.framework; path = System/Library/Frameworks/AVFoundation.framework; sourceTree = SDKROOT; };
		65B695FB190C658B0079F909 /* AppIcon29x29.png */ = {isa = PBXFileReference; lastKnownFileType = image.png; path = AppIcon29x29.png; sourceTree = "<group>"; };
		65B695FC190C658B0079F909 /* AppIcon29x29@2x.png */ = {isa = PBXFileReference; lastKnownFileType = image.png; path = "AppIcon29x29@2x.png"; sourceTree = "<group>"; };
		65B695FD190C658B0079F909 /* AppIcon40x40.png */ = {isa = PBXFileReference; lastKnownFileType = image.png; path = AppIcon40x40.png; sourceTree = "<group>"; };
		65B695FE190C658B0079F909 /* AppIcon40x40@2x.png */ = {isa = PBXFileReference; lastKnownFileType = image.png; path = "AppIcon40x40@2x.png"; sourceTree = "<group>"; };
		65B695FF190C658B0079F909 /* AppIcon50x50.png */ = {isa = PBXFileReference; lastKnownFileType = image.png; path = AppIcon50x50.png; sourceTree = "<group>"; };
		65B69600190C658B0079F909 /* AppIcon50x50@2x.png */ = {isa = PBXFileReference; lastKnownFileType = image.png; path = "AppIcon50x50@2x.png"; sourceTree = "<group>"; };
		65B69601190C658B0079F909 /* AppIcon57x57.png */ = {isa = PBXFileReference; lastKnownFileType = image.png; path = AppIcon57x57.png; sourceTree = "<group>"; };
		65B69602190C658B0079F909 /* AppIcon57x57@2x.png */ = {isa = PBXFileReference; lastKnownFileType = image.png; path = "AppIcon57x57@2x.png"; sourceTree = "<group>"; };
		65B69603190C658B0079F909 /* AppIcon60x60.png */ = {isa = PBXFileReference; lastKnownFileType = image.png; path = AppIcon60x60.png; sourceTree = "<group>"; };
		65B69604190C658B0079F909 /* AppIcon60x60@2x.png */ = {isa = PBXFileReference; lastKnownFileType = image.png; path = "AppIcon60x60@2x.png"; sourceTree = "<group>"; };
		65B69605190C658B0079F909 /* AppIcon72x72.png */ = {isa = PBXFileReference; lastKnownFileType = image.png; path = AppIcon72x72.png; sourceTree = "<group>"; };
		65B69606190C658B0079F909 /* AppIcon72x72@2x.png */ = {isa = PBXFileReference; lastKnownFileType = image.png; path = "AppIcon72x72@2x.png"; sourceTree = "<group>"; };
		65B69607190C658B0079F909 /* AppIcon76x76.png */ = {isa = PBXFileReference; lastKnownFileType = image.png; path = AppIcon76x76.png; sourceTree = "<group>"; };
		65B69608190C658B0079F909 /* AppIcon76x76@2x.png */ = {isa = PBXFileReference; lastKnownFileType = image.png; path = "AppIcon76x76@2x.png"; sourceTree = "<group>"; };
		65B69609190C658B0079F909 /* iTunesArtwork.png */ = {isa = PBXFileReference; lastKnownFileType = image.png; path = iTunesArtwork.png; sourceTree = "<group>"; };
		65B6960A190C658B0079F909 /* iTunesArtwork@2x.png */ = {isa = PBXFileReference; lastKnownFileType = image.png; path = "iTunesArtwork@2x.png"; sourceTree = "<group>"; };
		65B6961B190DBB800079F909 /* CPHelpScreenViewController.h */ = {isa = PBXFileReference; fileEncoding = 4; lastKnownFileType = sourcecode.c.h; name = CPHelpScreenViewController.h; path = ViewControllers/CPHelpScreenViewController.h; sourceTree = "<group>"; };
		65B6961C190DBB800079F909 /* CPHelpScreenViewController.m */ = {isa = PBXFileReference; fileEncoding = 4; lastKnownFileType = sourcecode.c.objc; name = CPHelpScreenViewController.m; path = ViewControllers/CPHelpScreenViewController.m; sourceTree = "<group>"; };
		65B6961D190DBB800079F909 /* CPHelpScreenViewController.xib */ = {isa = PBXFileReference; fileEncoding = 4; lastKnownFileType = file.xib; name = CPHelpScreenViewController.xib; path = ViewControllers/CPHelpScreenViewController.xib; sourceTree = "<group>"; };
		65B69620190DC1D00079F909 /* help_screen.png */ = {isa = PBXFileReference; lastKnownFileType = image.png; path = help_screen.png; sourceTree = "<group>"; };
		65B69622190DEE090079F909 /* CPInstructionViewController.h */ = {isa = PBXFileReference; fileEncoding = 4; lastKnownFileType = sourcecode.c.h; name = CPInstructionViewController.h; path = ViewControllers/CPInstructionViewController.h; sourceTree = "<group>"; };
		65B69623190DEE090079F909 /* CPInstructionViewController.m */ = {isa = PBXFileReference; fileEncoding = 4; lastKnownFileType = sourcecode.c.objc; name = CPInstructionViewController.m; path = ViewControllers/CPInstructionViewController.m; sourceTree = "<group>"; };
		65B69624190DEE090079F909 /* CPInstructionViewController.xib */ = {isa = PBXFileReference; fileEncoding = 4; lastKnownFileType = file.xib; name = CPInstructionViewController.xib; path = ViewControllers/CPInstructionViewController.xib; sourceTree = "<group>"; };
		65CF9BC5190F3F210017C95E /* help_screen2.png */ = {isa = PBXFileReference; lastKnownFileType = image.png; path = help_screen2.png; sourceTree = "<group>"; };
		65DA83F218EDF7A70091FC1C /* Parse.framework */ = {isa = PBXFileReference; lastKnownFileType = wrapper.framework; path = Parse.framework; sourceTree = "<group>"; };
		65DA83F418EDF7EA0091FC1C /* AudioToolbox.framework */ = {isa = PBXFileReference; lastKnownFileType = wrapper.framework; name = AudioToolbox.framework; path = System/Library/Frameworks/AudioToolbox.framework; sourceTree = SDKROOT; };
		65DA83F618EDF7F10091FC1C /* CFNetwork.framework */ = {isa = PBXFileReference; lastKnownFileType = wrapper.framework; name = CFNetwork.framework; path = System/Library/Frameworks/CFNetwork.framework; sourceTree = SDKROOT; };
		65DA83F818EDF8020091FC1C /* CoreLocation.framework */ = {isa = PBXFileReference; lastKnownFileType = wrapper.framework; name = CoreLocation.framework; path = System/Library/Frameworks/CoreLocation.framework; sourceTree = SDKROOT; };
		65DA83FA18EDF8100091FC1C /* libz.dylib */ = {isa = PBXFileReference; lastKnownFileType = "compiled.mach-o.dylib"; name = libz.dylib; path = usr/lib/libz.dylib; sourceTree = SDKROOT; };
		65DA83FC18EDF8180091FC1C /* MobileCoreServices.framework */ = {isa = PBXFileReference; lastKnownFileType = wrapper.framework; name = MobileCoreServices.framework; path = System/Library/Frameworks/MobileCoreServices.framework; sourceTree = SDKROOT; };
		65DA83FE18EDF8210091FC1C /* QuartzCore.framework */ = {isa = PBXFileReference; lastKnownFileType = wrapper.framework; name = QuartzCore.framework; path = System/Library/Frameworks/QuartzCore.framework; sourceTree = SDKROOT; };
		65DA840018EDF8290091FC1C /* Security.framework */ = {isa = PBXFileReference; lastKnownFileType = wrapper.framework; name = Security.framework; path = System/Library/Frameworks/Security.framework; sourceTree = SDKROOT; };
		65DA840418EDF83D0091FC1C /* SystemConfiguration.framework */ = {isa = PBXFileReference; lastKnownFileType = wrapper.framework; name = SystemConfiguration.framework; path = System/Library/Frameworks/SystemConfiguration.framework; sourceTree = SDKROOT; };
		65DA840618EDFCE30091FC1C /* libz.1.2.5.dylib */ = {isa = PBXFileReference; lastKnownFileType = "compiled.mach-o.dylib"; name = libz.1.2.5.dylib; path = usr/lib/libz.1.2.5.dylib; sourceTree = SDKROOT; };
		65E4E52618EFAD2F00559B80 /* Accounts.framework */ = {isa = PBXFileReference; lastKnownFileType = wrapper.framework; name = Accounts.framework; path = System/Library/Frameworks/Accounts.framework; sourceTree = SDKROOT; };
		65E4E52818EFAD6A00559B80 /* FacebookSDK.framework */ = {isa = PBXFileReference; lastKnownFileType = wrapper.framework; path = FacebookSDK.framework; sourceTree = "<group>"; };
		AE4C437318F91AAF00731F44 /* CPEnterAccountViewController.h */ = {isa = PBXFileReference; fileEncoding = 4; lastKnownFileType = sourcecode.c.h; name = CPEnterAccountViewController.h; path = ViewControllers/CPEnterAccountViewController.h; sourceTree = "<group>"; };
		AE4C437418F91AAF00731F44 /* CPEnterAccountViewController.m */ = {isa = PBXFileReference; fileEncoding = 4; lastKnownFileType = sourcecode.c.objc; name = CPEnterAccountViewController.m; path = ViewControllers/CPEnterAccountViewController.m; sourceTree = "<group>"; };
		AE4C437518F91AAF00731F44 /* CPEnterAccountViewController.xib */ = {isa = PBXFileReference; fileEncoding = 4; lastKnownFileType = file.xib; name = CPEnterAccountViewController.xib; path = ViewControllers/CPEnterAccountViewController.xib; sourceTree = "<group>"; };
		AE4C437818F91BFA00731F44 /* CPSignInViewController.h */ = {isa = PBXFileReference; fileEncoding = 4; lastKnownFileType = sourcecode.c.h; name = CPSignInViewController.h; path = ViewControllers/CPSignInViewController.h; sourceTree = "<group>"; };
		AE4C437918F91BFA00731F44 /* CPSignInViewController.m */ = {isa = PBXFileReference; fileEncoding = 4; lastKnownFileType = sourcecode.c.objc; name = CPSignInViewController.m; path = ViewControllers/CPSignInViewController.m; sourceTree = "<group>"; };
		AE4C437A18F91BFA00731F44 /* CPSignInViewController.xib */ = {isa = PBXFileReference; fileEncoding = 4; lastKnownFileType = file.xib; name = CPSignInViewController.xib; path = ViewControllers/CPSignInViewController.xib; sourceTree = "<group>"; };
		AE4C438218FA074600731F44 /* CPSearchSettingsViewController.h */ = {isa = PBXFileReference; fileEncoding = 4; lastKnownFileType = sourcecode.c.h; name = CPSearchSettingsViewController.h; path = ViewControllers/CPSearchSettingsViewController.h; sourceTree = "<group>"; };
		AE4C438318FA074600731F44 /* CPSearchSettingsViewController.m */ = {isa = PBXFileReference; fileEncoding = 4; lastKnownFileType = sourcecode.c.objc; name = CPSearchSettingsViewController.m; path = ViewControllers/CPSearchSettingsViewController.m; sourceTree = "<group>"; };
		AE4C438418FA074600731F44 /* CPSearchSettingsViewController.xib */ = {isa = PBXFileReference; fileEncoding = 4; lastKnownFileType = file.xib; name = CPSearchSettingsViewController.xib; path = ViewControllers/CPSearchSettingsViewController.xib; sourceTree = "<group>"; };
		AE4C438718FA075E00731F44 /* CPUserProfileViewController.h */ = {isa = PBXFileReference; fileEncoding = 4; lastKnownFileType = sourcecode.c.h; name = CPUserProfileViewController.h; path = ViewControllers/CPUserProfileViewController.h; sourceTree = "<group>"; };
		AE4C438818FA075E00731F44 /* CPUserProfileViewController.m */ = {isa = PBXFileReference; fileEncoding = 4; lastKnownFileType = sourcecode.c.objc; name = CPUserProfileViewController.m; path = ViewControllers/CPUserProfileViewController.m; sourceTree = "<group>"; };
		AE4C438918FA075E00731F44 /* CPUserProfileViewController.xib */ = {isa = PBXFileReference; fileEncoding = 4; lastKnownFileType = file.xib; name = CPUserProfileViewController.xib; path = ViewControllers/CPUserProfileViewController.xib; sourceTree = "<group>"; };
		AE4C438C18FA508700731F44 /* CPMenuCell.h */ = {isa = PBXFileReference; fileEncoding = 4; lastKnownFileType = sourcecode.c.h; name = CPMenuCell.h; path = ViewControllers/CPMenuCell.h; sourceTree = "<group>"; };
		AE4C438D18FA508700731F44 /* CPMenuCell.m */ = {isa = PBXFileReference; fileEncoding = 4; lastKnownFileType = sourcecode.c.objc; name = CPMenuCell.m; path = ViewControllers/CPMenuCell.m; sourceTree = "<group>"; };
		AE4C438E18FA508700731F44 /* CPMenuCell.xib */ = {isa = PBXFileReference; fileEncoding = 4; lastKnownFileType = file.xib; name = CPMenuCell.xib; path = ViewControllers/CPMenuCell.xib; sourceTree = "<group>"; };
		AE4C439118FA6B7000731F44 /* CPSettingsViewController.h */ = {isa = PBXFileReference; fileEncoding = 4; lastKnownFileType = sourcecode.c.h; name = CPSettingsViewController.h; path = ViewControllers/CPSettingsViewController.h; sourceTree = "<group>"; };
		AE4C439218FA6B7000731F44 /* CPSettingsViewController.m */ = {isa = PBXFileReference; fileEncoding = 4; lastKnownFileType = sourcecode.c.objc; name = CPSettingsViewController.m; path = ViewControllers/CPSettingsViewController.m; sourceTree = "<group>"; };
		AE4C439318FA6B7000731F44 /* CPSettingsViewController.xib */ = {isa = PBXFileReference; fileEncoding = 4; lastKnownFileType = file.xib; name = CPSettingsViewController.xib; path = ViewControllers/CPSettingsViewController.xib; sourceTree = "<group>"; };
		AE7CE31D190CD223009CA751 /* CPLabelCell.h */ = {isa = PBXFileReference; fileEncoding = 4; lastKnownFileType = sourcecode.c.h; name = CPLabelCell.h; path = ViewControllers/CPLabelCell.h; sourceTree = "<group>"; };
		AE7CE31E190CD223009CA751 /* CPLabelCell.m */ = {isa = PBXFileReference; fileEncoding = 4; lastKnownFileType = sourcecode.c.objc; name = CPLabelCell.m; path = ViewControllers/CPLabelCell.m; sourceTree = "<group>"; };
		AE7CE31F190CD223009CA751 /* CPLabelCell.xib */ = {isa = PBXFileReference; fileEncoding = 4; lastKnownFileType = file.xib; name = CPLabelCell.xib; path = ViewControllers/CPLabelCell.xib; sourceTree = "<group>"; };
		AE7CE322190E1872009CA751 /* CPAboutViewController.h */ = {isa = PBXFileReference; fileEncoding = 4; lastKnownFileType = sourcecode.c.h; name = CPAboutViewController.h; path = ViewControllers/CPAboutViewController.h; sourceTree = "<group>"; };
		AE7CE323190E1872009CA751 /* CPAboutViewController.m */ = {isa = PBXFileReference; fileEncoding = 4; lastKnownFileType = sourcecode.c.objc; name = CPAboutViewController.m; path = ViewControllers/CPAboutViewController.m; sourceTree = "<group>"; };
		AE7CE324190E1872009CA751 /* CPAboutViewController.xib */ = {isa = PBXFileReference; fileEncoding = 4; lastKnownFileType = file.xib; name = CPAboutViewController.xib; path = ViewControllers/CPAboutViewController.xib; sourceTree = "<group>"; };
		AEC149B91903366800A66CE6 /* CPAddParkingViewController.h */ = {isa = PBXFileReference; fileEncoding = 4; lastKnownFileType = sourcecode.c.h; name = CPAddParkingViewController.h; path = ViewControllers/CPAddParkingViewController.h; sourceTree = "<group>"; };
		AEC149BA1903366800A66CE6 /* CPAddParkingViewController.m */ = {isa = PBXFileReference; fileEncoding = 4; lastKnownFileType = sourcecode.c.objc; name = CPAddParkingViewController.m; path = ViewControllers/CPAddParkingViewController.m; sourceTree = "<group>"; };
		AEC149BB1903366800A66CE6 /* CPAddParkingViewController.xib */ = {isa = PBXFileReference; fileEncoding = 4; lastKnownFileType = file.xib; name = CPAddParkingViewController.xib; path = ViewControllers/CPAddParkingViewController.xib; sourceTree = "<group>"; };
		D890258C2A944EA7A6C3ECC8 /* libPods.a */ = {isa = PBXFileReference; explicitFileType = archive.ar; includeInIndex = 0; path = libPods.a; sourceTree = BUILT_PRODUCTS_DIR; };
/* End PBXFileReference section */

/* Begin PBXFrameworksBuildPhase section */
		6583AF1218EC931D00D46333 /* Frameworks */ = {
			isa = PBXFrameworksBuildPhase;
			buildActionMask = 2147483647;
			files = (
				65DA83FF18EDF8210091FC1C /* QuartzCore.framework in Frameworks */,
				65B2F92A190438D60057BC8B /* AVFoundation.framework in Frameworks */,
				65B2F928190438C90057BC8B /* OpenGLES.framework in Frameworks */,
				65B2F926190438BC0057BC8B /* CoreVideo.framework in Frameworks */,
				65B2F924190438B20057BC8B /* CoreMedia.framework in Frameworks */,
				65173C2D18F6320A002B2C14 /* MapKit.framework in Frameworks */,
				65E4E52718EFAD2F00559B80 /* Accounts.framework in Frameworks */,
				65DA840718EDFCE30091FC1C /* libz.1.2.5.dylib in Frameworks */,
				65DA840518EDF83D0091FC1C /* SystemConfiguration.framework in Frameworks */,
				65DA840118EDF8290091FC1C /* Security.framework in Frameworks */,
				65DA83FD18EDF8180091FC1C /* MobileCoreServices.framework in Frameworks */,
				65DA83F918EDF8020091FC1C /* CoreLocation.framework in Frameworks */,
				6583AF1B18EC931D00D46333 /* CoreGraphics.framework in Frameworks */,
				65DA83F718EDF7F10091FC1C /* CFNetwork.framework in Frameworks */,
				65DA83F518EDF7EA0091FC1C /* AudioToolbox.framework in Frameworks */,
				6583AF1D18EC931D00D46333 /* UIKit.framework in Frameworks */,
				6583AF1918EC931D00D46333 /* Foundation.framework in Frameworks */,
				65E4E52918EFAD6A00559B80 /* FacebookSDK.framework in Frameworks */,
				3DD463A48F6C4C3684A374A9 /* libPods.a in Frameworks */,
				65DA83F318EDF7A70091FC1C /* Parse.framework in Frameworks */,
			);
			runOnlyForDeploymentPostprocessing = 0;
		};
		6583AF2D18EC931D00D46333 /* Frameworks */ = {
			isa = PBXFrameworksBuildPhase;
			buildActionMask = 2147483647;
			files = (
				6583AF3218EC931D00D46333 /* XCTest.framework in Frameworks */,
				6583AF3418EC931D00D46333 /* UIKit.framework in Frameworks */,
				6583AF3318EC931D00D46333 /* Foundation.framework in Frameworks */,
			);
			runOnlyForDeploymentPostprocessing = 0;
		};
/* End PBXFrameworksBuildPhase section */

/* Begin PBXGroup section */
		65173C1C18F38BA8002B2C14 /* ViewControllers */ = {
			isa = PBXGroup;
			children = (
				65173C1D18F38BD3002B2C14 /* CPMainViewController.h */,
				65173C1E18F38BD3002B2C14 /* CPMainViewController.m */,
				65173C1F18F38BD3002B2C14 /* CPMainViewController.xib */,
				65173C2218F38C00002B2C14 /* CPHamburgerMenuViewController.h */,
				65173C2318F38C00002B2C14 /* CPHamburgerMenuViewController.m */,
				65173C2418F38C00002B2C14 /* CPHamburgerMenuViewController.xib */,
				65173C2718F38C57002B2C14 /* CPViewLocationViewController.h */,
				65173C2818F38C57002B2C14 /* CPViewLocationViewController.m */,
				65173C2918F38C57002B2C14 /* CPViewLocationViewController.xib */,
				AE4C437318F91AAF00731F44 /* CPEnterAccountViewController.h */,
				AE4C437418F91AAF00731F44 /* CPEnterAccountViewController.m */,
				AE4C437518F91AAF00731F44 /* CPEnterAccountViewController.xib */,
				AE4C437818F91BFA00731F44 /* CPSignInViewController.h */,
				AE4C437918F91BFA00731F44 /* CPSignInViewController.m */,
				AE4C437A18F91BFA00731F44 /* CPSignInViewController.xib */,
				AE4C438218FA074600731F44 /* CPSearchSettingsViewController.h */,
				AE4C438318FA074600731F44 /* CPSearchSettingsViewController.m */,
				AE4C438418FA074600731F44 /* CPSearchSettingsViewController.xib */,
				AE4C438718FA075E00731F44 /* CPUserProfileViewController.h */,
				AE4C438818FA075E00731F44 /* CPUserProfileViewController.m */,
				AE4C438918FA075E00731F44 /* CPUserProfileViewController.xib */,
				AE4C438C18FA508700731F44 /* CPMenuCell.h */,
				AE4C438D18FA508700731F44 /* CPMenuCell.m */,
				AE4C438E18FA508700731F44 /* CPMenuCell.xib */,
				658D6A9B18FA59DA009D6812 /* CPRackMiniDetailViewController.h */,
				658D6A9C18FA59DA009D6812 /* CPRackMiniDetailViewController.m */,
				658D6A9D18FA59DA009D6812 /* CPRackMiniDetailViewController.xib */,
				AE4C439118FA6B7000731F44 /* CPSettingsViewController.h */,
				AE4C439218FA6B7000731F44 /* CPSettingsViewController.m */,
				AE4C439318FA6B7000731F44 /* CPSettingsViewController.xib */,
				AEC149B91903366800A66CE6 /* CPAddParkingViewController.h */,
				AEC149BA1903366800A66CE6 /* CPAddParkingViewController.m */,
				AEC149BB1903366800A66CE6 /* CPAddParkingViewController.xib */,
				AE7CE31D190CD223009CA751 /* CPLabelCell.h */,
				AE7CE31E190CD223009CA751 /* CPLabelCell.m */,
				AE7CE31F190CD223009CA751 /* CPLabelCell.xib */,
				65B6961B190DBB800079F909 /* CPHelpScreenViewController.h */,
				65B6961C190DBB800079F909 /* CPHelpScreenViewController.m */,
				65B6961D190DBB800079F909 /* CPHelpScreenViewController.xib */,
				65B69622190DEE090079F909 /* CPInstructionViewController.h */,
				65B69623190DEE090079F909 /* CPInstructionViewController.m */,
				65B69624190DEE090079F909 /* CPInstructionViewController.xib */,
				AE7CE322190E1872009CA751 /* CPAboutViewController.h */,
				AE7CE323190E1872009CA751 /* CPAboutViewController.m */,
				AE7CE324190E1872009CA751 /* CPAboutViewController.xib */,
				65A424B71910BFB9003AA7B8 /* CPSwipeInstructionsViewController.h */,
				65A424B81910BFB9003AA7B8 /* CPSwipeInstructionsViewController.m */,
				65A424B91910BFB9003AA7B8 /* CPSwipeInstructionsViewController.xib */,
			);
			name = ViewControllers;
			sourceTree = "<group>";
		};
		6524D9D518F23A960072620D /* DAL */ = {
			isa = PBXGroup;
			children = (
				6524D9D618F23AB80072620D /* CPParseClient.h */,
				6524D9D718F23AB80072620D /* CPParseClient.m */,
				6524D9D918F23B570072620D /* ParseClient.plist */,
			);
			name = DAL;
			sourceTree = "<group>";
		};
		652D805318F7A3250027D752 /* data */ = {
			isa = PBXGroup;
			children = (
				652D805418F7A3250027D752 /* data.json */,
			);
			path = data;
			sourceTree = "<group>";
		};
		6548959C18ED08E7002E7F0E /* Models */ = {
			isa = PBXGroup;
			children = (
				658D6A9318FA4A3F009D6812 /* CPRackAnnotation.h */,
				658D6A9418FA4A3F009D6812 /* CPRackAnnotation.m */,
				6548959918ED08E3002E7F0E /* CPRack.h */,
				6548959A18ED08E3002E7F0E /* CPRack.m */,
				5C66FE2D18F2788B00AB0965 /* CPUser.h */,
				5C66FE2E18F2788B00AB0965 /* CPUser.m */,
				657BD82918FB847A00A887EC /* CPAnnotationGroup.h */,
				657BD82A18FB847A00A887EC /* CPAnnotationGroup.m */,
			);
			name = Models;
			sourceTree = "<group>";
		};
		65509B1A190A2C4700084D69 /* Custom Pin */ = {
			isa = PBXGroup;
			children = (
				65509B1B190A2C7700084D69 /* ZSPinAnnotation.h */,
				65509B1C190A2C7700084D69 /* ZSPinAnnotation.m */,
			);
			name = "Custom Pin";
			sourceTree = "<group>";
		};
		6583AF0C18EC931D00D46333 = {
			isa = PBXGroup;
			children = (
				65B695FA190C658B0079F909 /* Images */,
				652D805318F7A3250027D752 /* data */,
				6583AF1E18EC931D00D46333 /* GroupProject */,
				6583AF3718EC931D00D46333 /* GroupProjectTests */,
				6583AF1718EC931D00D46333 /* Frameworks */,
				6583AF1618EC931D00D46333 /* Products */,
				215048BF48324A4E953CADC1 /* Pods.xcconfig */,
			);
			sourceTree = "<group>";
		};
		6583AF1618EC931D00D46333 /* Products */ = {
			isa = PBXGroup;
			children = (
				6583AF1518EC931D00D46333 /* GroupProject.app */,
				6583AF3018EC931D00D46333 /* GroupProjectTests.xctest */,
			);
			name = Products;
			sourceTree = "<group>";
		};
		6583AF1718EC931D00D46333 /* Frameworks */ = {
			isa = PBXGroup;
			children = (
				65B2F929190438D60057BC8B /* AVFoundation.framework */,
				65B2F927190438C90057BC8B /* OpenGLES.framework */,
				65B2F925190438BC0057BC8B /* CoreVideo.framework */,
				65B2F923190438B20057BC8B /* CoreMedia.framework */,
				65173C2C18F6320A002B2C14 /* MapKit.framework */,
				65E4E52818EFAD6A00559B80 /* FacebookSDK.framework */,
				65E4E52618EFAD2F00559B80 /* Accounts.framework */,
				65DA840618EDFCE30091FC1C /* libz.1.2.5.dylib */,
				65DA840418EDF83D0091FC1C /* SystemConfiguration.framework */,
				65DA840018EDF8290091FC1C /* Security.framework */,
				65DA83FE18EDF8210091FC1C /* QuartzCore.framework */,
				65DA83FC18EDF8180091FC1C /* MobileCoreServices.framework */,
				65DA83FA18EDF8100091FC1C /* libz.dylib */,
				65DA83F818EDF8020091FC1C /* CoreLocation.framework */,
				65DA83F618EDF7F10091FC1C /* CFNetwork.framework */,
				65DA83F418EDF7EA0091FC1C /* AudioToolbox.framework */,
				65DA83F218EDF7A70091FC1C /* Parse.framework */,
				6583AF1818EC931D00D46333 /* Foundation.framework */,
				6583AF1A18EC931D00D46333 /* CoreGraphics.framework */,
				6583AF1C18EC931D00D46333 /* UIKit.framework */,
				6583AF3118EC931D00D46333 /* XCTest.framework */,
				D890258C2A944EA7A6C3ECC8 /* libPods.a */,
			);
			name = Frameworks;
			sourceTree = "<group>";
		};
		6583AF1E18EC931D00D46333 /* GroupProject */ = {
			isa = PBXGroup;
			children = (
				65509B1A190A2C4700084D69 /* Custom Pin */,
				658D6A9218FA4A07009D6812 /* Views */,
				65173C1C18F38BA8002B2C14 /* ViewControllers */,
				6524D9D518F23A960072620D /* DAL */,
				6548959C18ED08E7002E7F0E /* Models */,
				6583AF2718EC931D00D46333 /* CPAppDelegate.h */,
				6583AF2818EC931D00D46333 /* CPAppDelegate.m */,
				6583AF2A18EC931D00D46333 /* Images.xcassets */,
				6583AF1F18EC931D00D46333 /* Supporting Files */,
			);
			path = GroupProject;
			sourceTree = "<group>";
		};
		6583AF1F18EC931D00D46333 /* Supporting Files */ = {
			isa = PBXGroup;
			children = (
				6583AF2018EC931D00D46333 /* GroupProject-Info.plist */,
				6583AF2118EC931D00D46333 /* InfoPlist.strings */,
				6583AF2418EC931D00D46333 /* main.m */,
				6583AF2618EC931D00D46333 /* GroupProject-Prefix.pch */,
			);
			name = "Supporting Files";
			sourceTree = "<group>";
		};
		6583AF3718EC931D00D46333 /* GroupProjectTests */ = {
			isa = PBXGroup;
			children = (
				6583AF3D18EC931D00D46333 /* GroupProjectTests.m */,
				6583AF3818EC931D00D46333 /* Supporting Files */,
			);
			path = GroupProjectTests;
			sourceTree = "<group>";
		};
		6583AF3818EC931D00D46333 /* Supporting Files */ = {
			isa = PBXGroup;
			children = (
				6583AF3918EC931D00D46333 /* GroupProjectTests-Info.plist */,
				6583AF3A18EC931D00D46333 /* InfoPlist.strings */,
			);
			name = "Supporting Files";
			sourceTree = "<group>";
		};
		658D6A9218FA4A07009D6812 /* Views */ = {
			isa = PBXGroup;
			children = (
			);
			name = Views;
			sourceTree = "<group>";
		};
		65B695FA190C658B0079F909 /* Images */ = {
			isa = PBXGroup;
			children = (
				6567DAD2190F5A3800C6D378 /* help_screen3.png */,
				65CF9BC5190F3F210017C95E /* help_screen2.png */,
				65B69620190DC1D00079F909 /* help_screen.png */,
				65B695FB190C658B0079F909 /* AppIcon29x29.png */,
				65B695FC190C658B0079F909 /* AppIcon29x29@2x.png */,
				65B695FD190C658B0079F909 /* AppIcon40x40.png */,
				65B695FE190C658B0079F909 /* AppIcon40x40@2x.png */,
				65B695FF190C658B0079F909 /* AppIcon50x50.png */,
				65B69600190C658B0079F909 /* AppIcon50x50@2x.png */,
				65B69601190C658B0079F909 /* AppIcon57x57.png */,
				65B69602190C658B0079F909 /* AppIcon57x57@2x.png */,
				65B69603190C658B0079F909 /* AppIcon60x60.png */,
				65B69604190C658B0079F909 /* AppIcon60x60@2x.png */,
				65B69605190C658B0079F909 /* AppIcon72x72.png */,
				65B69606190C658B0079F909 /* AppIcon72x72@2x.png */,
				65B69607190C658B0079F909 /* AppIcon76x76.png */,
				65B69608190C658B0079F909 /* AppIcon76x76@2x.png */,
				65B69609190C658B0079F909 /* iTunesArtwork.png */,
				65B6960A190C658B0079F909 /* iTunesArtwork@2x.png */,
			);
			name = Images;
			path = GroupProject/Images;
			sourceTree = "<group>";
		};
/* End PBXGroup section */

/* Begin PBXNativeTarget section */
		6583AF1418EC931D00D46333 /* GroupProject */ = {
			isa = PBXNativeTarget;
			buildConfigurationList = 6583AF4118EC931D00D46333 /* Build configuration list for PBXNativeTarget "GroupProject" */;
			buildPhases = (
				20EC845D42B149BABCE987E2 /* Check Pods Manifest.lock */,
				6583AF1118EC931D00D46333 /* Sources */,
				6583AF1218EC931D00D46333 /* Frameworks */,
				6583AF1318EC931D00D46333 /* Resources */,
				4A983DC39F6F42BBBAD8525D /* Copy Pods Resources */,
			);
			buildRules = (
			);
			dependencies = (
			);
			name = GroupProject;
			productName = GroupProject;
			productReference = 6583AF1518EC931D00D46333 /* GroupProject.app */;
			productType = "com.apple.product-type.application";
		};
		6583AF2F18EC931D00D46333 /* GroupProjectTests */ = {
			isa = PBXNativeTarget;
			buildConfigurationList = 6583AF4418EC931D00D46333 /* Build configuration list for PBXNativeTarget "GroupProjectTests" */;
			buildPhases = (
				6583AF2C18EC931D00D46333 /* Sources */,
				6583AF2D18EC931D00D46333 /* Frameworks */,
				6583AF2E18EC931D00D46333 /* Resources */,
			);
			buildRules = (
			);
			dependencies = (
				6583AF3618EC931D00D46333 /* PBXTargetDependency */,
			);
			name = GroupProjectTests;
			productName = GroupProjectTests;
			productReference = 6583AF3018EC931D00D46333 /* GroupProjectTests.xctest */;
			productType = "com.apple.product-type.bundle.unit-test";
		};
/* End PBXNativeTarget section */

/* Begin PBXProject section */
		6583AF0D18EC931D00D46333 /* Project object */ = {
			isa = PBXProject;
			attributes = {
				CLASSPREFIX = CP;
				LastUpgradeCheck = 0510;
				ORGANIZATIONNAME = "CodePath Group Project";
				TargetAttributes = {
					6583AF1418EC931D00D46333 = {
						DevelopmentTeam = BJ5R3B45HU;
						SystemCapabilities = {
							com.apple.InAppPurchase = {
								enabled = 0;
							};
						};
					};
					6583AF2F18EC931D00D46333 = {
						TestTargetID = 6583AF1418EC931D00D46333;
					};
				};
			};
			buildConfigurationList = 6583AF1018EC931D00D46333 /* Build configuration list for PBXProject "GroupProject" */;
			compatibilityVersion = "Xcode 3.2";
			developmentRegion = English;
			hasScannedForEncodings = 0;
			knownRegions = (
				en,
			);
			mainGroup = 6583AF0C18EC931D00D46333;
			productRefGroup = 6583AF1618EC931D00D46333 /* Products */;
			projectDirPath = "";
			projectRoot = "";
			targets = (
				6583AF1418EC931D00D46333 /* GroupProject */,
				6583AF2F18EC931D00D46333 /* GroupProjectTests */,
			);
		};
/* End PBXProject section */

/* Begin PBXResourcesBuildPhase section */
		6583AF1318EC931D00D46333 /* Resources */ = {
			isa = PBXResourcesBuildPhase;
			buildActionMask = 2147483647;
			files = (
				AE4C439518FA6B7000731F44 /* CPSettingsViewController.xib in Resources */,
				65B69618190C658B0079F909 /* AppIcon76x76@2x.png in Resources */,
				65B6961F190DBB800079F909 /* CPHelpScreenViewController.xib in Resources */,
				65B69613190C658B0079F909 /* AppIcon60x60.png in Resources */,
				65B6960D190C658B0079F909 /* AppIcon40x40.png in Resources */,
				65B69612190C658B0079F909 /* AppIcon57x57@2x.png in Resources */,
				AE4C437C18F91BFA00731F44 /* CPSignInViewController.xib in Resources */,
				65B6960C190C658B0079F909 /* AppIcon29x29@2x.png in Resources */,
				658D6A9F18FA59DA009D6812 /* CPRackMiniDetailViewController.xib in Resources */,
				65CF9BC6190F3F210017C95E /* help_screen2.png in Resources */,
				652D805618F7AA900027D752 /* data.json in Resources */,
				AE4C438B18FA075E00731F44 /* CPUserProfileViewController.xib in Resources */,
				AE7CE326190E1872009CA751 /* CPAboutViewController.xib in Resources */,
				65173C2118F38BD3002B2C14 /* CPMainViewController.xib in Resources */,
				65B69614190C658B0079F909 /* AppIcon60x60@2x.png in Resources */,
				AEC149BD1903366800A66CE6 /* CPAddParkingViewController.xib in Resources */,
				6524D9DA18F23B570072620D /* ParseClient.plist in Resources */,
				6583AF2318EC931D00D46333 /* InfoPlist.strings in Resources */,
				65B6961A190C658B0079F909 /* iTunesArtwork@2x.png in Resources */,
				AE4C438618FA074600731F44 /* CPSearchSettingsViewController.xib in Resources */,
				AE4C437718F91AAF00731F44 /* CPEnterAccountViewController.xib in Resources */,
				65A424BB1910BFB9003AA7B8 /* CPSwipeInstructionsViewController.xib in Resources */,
				65B6960B190C658B0079F909 /* AppIcon29x29.png in Resources */,
				AE7CE321190CD223009CA751 /* CPLabelCell.xib in Resources */,
				65B69619190C658B0079F909 /* iTunesArtwork.png in Resources */,
				6567DAD3190F5A3800C6D378 /* help_screen3.png in Resources */,
				6583AF2B18EC931D00D46333 /* Images.xcassets in Resources */,
				65B6960F190C658B0079F909 /* AppIcon50x50.png in Resources */,
				65B6960E190C658B0079F909 /* AppIcon40x40@2x.png in Resources */,
				65B69611190C658B0079F909 /* AppIcon57x57.png in Resources */,
				65B69621190DC1D00079F909 /* help_screen.png in Resources */,
				65173C2B18F38C57002B2C14 /* CPViewLocationViewController.xib in Resources */,
				AE4C439018FA508700731F44 /* CPMenuCell.xib in Resources */,
				65B69617190C658B0079F909 /* AppIcon76x76.png in Resources */,
				65B69616190C658B0079F909 /* AppIcon72x72@2x.png in Resources */,
				65173C2618F38C00002B2C14 /* CPHamburgerMenuViewController.xib in Resources */,
				65B69610190C658B0079F909 /* AppIcon50x50@2x.png in Resources */,
				65B69626190DEE090079F909 /* CPInstructionViewController.xib in Resources */,
				65B69615190C658B0079F909 /* AppIcon72x72.png in Resources */,
			);
			runOnlyForDeploymentPostprocessing = 0;
		};
		6583AF2E18EC931D00D46333 /* Resources */ = {
			isa = PBXResourcesBuildPhase;
			buildActionMask = 2147483647;
			files = (
				6583AF3C18EC931D00D46333 /* InfoPlist.strings in Resources */,
			);
			runOnlyForDeploymentPostprocessing = 0;
		};
/* End PBXResourcesBuildPhase section */

/* Begin PBXShellScriptBuildPhase section */
		20EC845D42B149BABCE987E2 /* Check Pods Manifest.lock */ = {
			isa = PBXShellScriptBuildPhase;
			buildActionMask = 2147483647;
			files = (
			);
			inputPaths = (
			);
			name = "Check Pods Manifest.lock";
			outputPaths = (
			);
			runOnlyForDeploymentPostprocessing = 0;
			shellPath = /bin/sh;
			shellScript = "diff \"${PODS_ROOT}/../Podfile.lock\" \"${PODS_ROOT}/Manifest.lock\" > /dev/null\nif [[ $? != 0 ]] ; then\n    cat << EOM\nerror: The sandbox is not in sync with the Podfile.lock. Run 'pod install' or update your CocoaPods installation.\nEOM\n    exit 1\nfi\n";
			showEnvVarsInLog = 0;
		};
		4A983DC39F6F42BBBAD8525D /* Copy Pods Resources */ = {
			isa = PBXShellScriptBuildPhase;
			buildActionMask = 2147483647;
			files = (
			);
			inputPaths = (
			);
			name = "Copy Pods Resources";
			outputPaths = (
			);
			runOnlyForDeploymentPostprocessing = 0;
			shellPath = /bin/sh;
			shellScript = "\"${SRCROOT}/Pods/Pods-resources.sh\"\n";
			showEnvVarsInLog = 0;
		};
/* End PBXShellScriptBuildPhase section */

/* Begin PBXSourcesBuildPhase section */
		6583AF1118EC931D00D46333 /* Sources */ = {
			isa = PBXSourcesBuildPhase;
			buildActionMask = 2147483647;
			files = (
				658D6A9E18FA59DA009D6812 /* CPRackMiniDetailViewController.m in Sources */,
				65173C2018F38BD3002B2C14 /* CPMainViewController.m in Sources */,
				AE7CE325190E1872009CA751 /* CPAboutViewController.m in Sources */,
				AE4C438F18FA508700731F44 /* CPMenuCell.m in Sources */,
				AE4C437B18F91BFA00731F44 /* CPSignInViewController.m in Sources */,
				AEC149BC1903366800A66CE6 /* CPAddParkingViewController.m in Sources */,
				6548959B18ED08E3002E7F0E /* CPRack.m in Sources */,
				AE4C438A18FA075E00731F44 /* CPUserProfileViewController.m in Sources */,
				6583AF2518EC931D00D46333 /* main.m in Sources */,
				AE4C438518FA074600731F44 /* CPSearchSettingsViewController.m in Sources */,
				65B6961E190DBB800079F909 /* CPHelpScreenViewController.m in Sources */,
				65B69625190DEE090079F909 /* CPInstructionViewController.m in Sources */,
				6583AF2918EC931D00D46333 /* CPAppDelegate.m in Sources */,
				65173C2518F38C00002B2C14 /* CPHamburgerMenuViewController.m in Sources */,
				6524D9D818F23AB80072620D /* CPParseClient.m in Sources */,
				65509B1D190A2C7700084D69 /* ZSPinAnnotation.m in Sources */,
				5C66FE2F18F2788B00AB0965 /* CPUser.m in Sources */,
				658D6A9518FA4A3F009D6812 /* CPRackAnnotation.m in Sources */,
				65173C2A18F38C57002B2C14 /* CPViewLocationViewController.m in Sources */,
				AE4C439418FA6B7000731F44 /* CPSettingsViewController.m in Sources */,
				657BD82B18FB847A00A887EC /* CPAnnotationGroup.m in Sources */,
				65A424BA1910BFB9003AA7B8 /* CPSwipeInstructionsViewController.m in Sources */,
				AE4C437618F91AAF00731F44 /* CPEnterAccountViewController.m in Sources */,
				AE7CE320190CD223009CA751 /* CPLabelCell.m in Sources */,
			);
			runOnlyForDeploymentPostprocessing = 0;
		};
		6583AF2C18EC931D00D46333 /* Sources */ = {
			isa = PBXSourcesBuildPhase;
			buildActionMask = 2147483647;
			files = (
				6583AF3E18EC931D00D46333 /* GroupProjectTests.m in Sources */,
			);
			runOnlyForDeploymentPostprocessing = 0;
		};
/* End PBXSourcesBuildPhase section */

/* Begin PBXTargetDependency section */
		6583AF3618EC931D00D46333 /* PBXTargetDependency */ = {
			isa = PBXTargetDependency;
			target = 6583AF1418EC931D00D46333 /* GroupProject */;
			targetProxy = 6583AF3518EC931D00D46333 /* PBXContainerItemProxy */;
		};
/* End PBXTargetDependency section */

/* Begin PBXVariantGroup section */
		6583AF2118EC931D00D46333 /* InfoPlist.strings */ = {
			isa = PBXVariantGroup;
			children = (
				6583AF2218EC931D00D46333 /* en */,
			);
			name = InfoPlist.strings;
			sourceTree = "<group>";
		};
		6583AF3A18EC931D00D46333 /* InfoPlist.strings */ = {
			isa = PBXVariantGroup;
			children = (
				6583AF3B18EC931D00D46333 /* en */,
			);
			name = InfoPlist.strings;
			sourceTree = "<group>";
		};
/* End PBXVariantGroup section */

/* Begin XCBuildConfiguration section */
		6583AF3F18EC931D00D46333 /* Debug */ = {
			isa = XCBuildConfiguration;
			buildSettings = {
				ALWAYS_SEARCH_USER_PATHS = NO;
				CLANG_CXX_LANGUAGE_STANDARD = "gnu++0x";
				CLANG_CXX_LIBRARY = "libc++";
				CLANG_ENABLE_MODULES = YES;
				CLANG_ENABLE_OBJC_ARC = YES;
				CLANG_WARN_BOOL_CONVERSION = YES;
				CLANG_WARN_CONSTANT_CONVERSION = YES;
				CLANG_WARN_DIRECT_OBJC_ISA_USAGE = YES_ERROR;
				CLANG_WARN_EMPTY_BODY = YES;
				CLANG_WARN_ENUM_CONVERSION = YES;
				CLANG_WARN_INT_CONVERSION = YES;
				CLANG_WARN_OBJC_ROOT_CLASS = YES_ERROR;
				CLANG_WARN__DUPLICATE_METHOD_MATCH = YES;
				"CODE_SIGN_IDENTITY[sdk=iphoneos*]" = "iPhone Developer";
				COPY_PHASE_STRIP = NO;
				GCC_C_LANGUAGE_STANDARD = gnu99;
				GCC_DYNAMIC_NO_PIC = NO;
				GCC_OPTIMIZATION_LEVEL = 0;
				GCC_PREPROCESSOR_DEFINITIONS = (
					"DEBUG=1",
					"$(inherited)",
				);
				GCC_SYMBOLS_PRIVATE_EXTERN = NO;
				GCC_WARN_64_TO_32_BIT_CONVERSION = YES;
				GCC_WARN_ABOUT_RETURN_TYPE = YES_ERROR;
				GCC_WARN_UNDECLARED_SELECTOR = YES;
				GCC_WARN_UNINITIALIZED_AUTOS = YES_AGGRESSIVE;
				GCC_WARN_UNUSED_FUNCTION = YES;
				GCC_WARN_UNUSED_VARIABLE = YES;
				IPHONEOS_DEPLOYMENT_TARGET = 7.1;
				ONLY_ACTIVE_ARCH = YES;
				SDKROOT = iphoneos;
			};
			name = Debug;
		};
		6583AF4018EC931D00D46333 /* Release */ = {
			isa = XCBuildConfiguration;
			buildSettings = {
				ALWAYS_SEARCH_USER_PATHS = NO;
				CLANG_CXX_LANGUAGE_STANDARD = "gnu++0x";
				CLANG_CXX_LIBRARY = "libc++";
				CLANG_ENABLE_MODULES = YES;
				CLANG_ENABLE_OBJC_ARC = YES;
				CLANG_WARN_BOOL_CONVERSION = YES;
				CLANG_WARN_CONSTANT_CONVERSION = YES;
				CLANG_WARN_DIRECT_OBJC_ISA_USAGE = YES_ERROR;
				CLANG_WARN_EMPTY_BODY = YES;
				CLANG_WARN_ENUM_CONVERSION = YES;
				CLANG_WARN_INT_CONVERSION = YES;
				CLANG_WARN_OBJC_ROOT_CLASS = YES_ERROR;
				CLANG_WARN__DUPLICATE_METHOD_MATCH = YES;
				"CODE_SIGN_IDENTITY[sdk=iphoneos*]" = "iPhone Developer";
				COPY_PHASE_STRIP = YES;
				ENABLE_NS_ASSERTIONS = NO;
				GCC_C_LANGUAGE_STANDARD = gnu99;
				GCC_WARN_64_TO_32_BIT_CONVERSION = YES;
				GCC_WARN_ABOUT_RETURN_TYPE = YES_ERROR;
				GCC_WARN_UNDECLARED_SELECTOR = YES;
				GCC_WARN_UNINITIALIZED_AUTOS = YES_AGGRESSIVE;
				GCC_WARN_UNUSED_FUNCTION = YES;
				GCC_WARN_UNUSED_VARIABLE = YES;
				IPHONEOS_DEPLOYMENT_TARGET = 7.1;
				SDKROOT = iphoneos;
				VALIDATE_PRODUCT = YES;
			};
			name = Release;
		};
		6583AF4218EC931D00D46333 /* Debug */ = {
			isa = XCBuildConfiguration;
			baseConfigurationReference = 215048BF48324A4E953CADC1 /* Pods.xcconfig */;
			buildSettings = {
				ASSETCATALOG_COMPILER_APPICON_NAME = AppIcon;
				ASSETCATALOG_COMPILER_LAUNCHIMAGE_NAME = LaunchImage;
				CODE_SIGN_IDENTITY = "iPhone Developer";
				"CODE_SIGN_IDENTITY[sdk=iphoneos*]" = "iPhone Developer";
				FRAMEWORK_SEARCH_PATHS = (
					"$(inherited)",
					"$(PROJECT_DIR)",
				);
				GCC_PRECOMPILE_PREFIX_HEADER = YES;
				GCC_PREFIX_HEADER = "GroupProject/GroupProject-Prefix.pch";
				INFOPLIST_FILE = "GroupProject/GroupProject-Info.plist";
				IPHONEOS_DEPLOYMENT_TARGET = 7.0;
				PRODUCT_NAME = "$(TARGET_NAME)";
				PROVISIONING_PROFILE = "";
				WRAPPER_EXTENSION = app;
			};
			name = Debug;
		};
		6583AF4318EC931D00D46333 /* Release */ = {
			isa = XCBuildConfiguration;
			baseConfigurationReference = 215048BF48324A4E953CADC1 /* Pods.xcconfig */;
			buildSettings = {
				ASSETCATALOG_COMPILER_APPICON_NAME = AppIcon;
				ASSETCATALOG_COMPILER_LAUNCHIMAGE_NAME = LaunchImage;
				CODE_SIGN_IDENTITY = "iPhone Developer";
				"CODE_SIGN_IDENTITY[sdk=iphoneos*]" = "iPhone Developer";
				FRAMEWORK_SEARCH_PATHS = (
					"$(inherited)",
					"$(PROJECT_DIR)",
				);
				GCC_PRECOMPILE_PREFIX_HEADER = YES;
				GCC_PREFIX_HEADER = "GroupProject/GroupProject-Prefix.pch";
				INFOPLIST_FILE = "GroupProject/GroupProject-Info.plist";
				IPHONEOS_DEPLOYMENT_TARGET = 7.0;
				PRODUCT_NAME = "$(TARGET_NAME)";
				PROVISIONING_PROFILE = "";
				WRAPPER_EXTENSION = app;
			};
			name = Release;
		};
		6583AF4518EC931D00D46333 /* Debug */ = {
			isa = XCBuildConfiguration;
			buildSettings = {
				BUNDLE_LOADER = "$(BUILT_PRODUCTS_DIR)/GroupProject.app/GroupProject";
				FRAMEWORK_SEARCH_PATHS = (
					"$(SDKROOT)/Developer/Library/Frameworks",
					"$(inherited)",
					"$(DEVELOPER_FRAMEWORKS_DIR)",
				);
				GCC_PRECOMPILE_PREFIX_HEADER = YES;
				GCC_PREFIX_HEADER = "GroupProject/GroupProject-Prefix.pch";
				GCC_PREPROCESSOR_DEFINITIONS = (
					"DEBUG=1",
					"$(inherited)",
				);
				INFOPLIST_FILE = "GroupProjectTests/GroupProjectTests-Info.plist";
				PRODUCT_NAME = "$(TARGET_NAME)";
				TEST_HOST = "$(BUNDLE_LOADER)";
				WRAPPER_EXTENSION = xctest;
			};
			name = Debug;
		};
		6583AF4618EC931D00D46333 /* Release */ = {
			isa = XCBuildConfiguration;
			buildSettings = {
				BUNDLE_LOADER = "$(BUILT_PRODUCTS_DIR)/GroupProject.app/GroupProject";
				FRAMEWORK_SEARCH_PATHS = (
					"$(SDKROOT)/Developer/Library/Frameworks",
					"$(inherited)",
					"$(DEVELOPER_FRAMEWORKS_DIR)",
				);
				GCC_PRECOMPILE_PREFIX_HEADER = YES;
				GCC_PREFIX_HEADER = "GroupProject/GroupProject-Prefix.pch";
				INFOPLIST_FILE = "GroupProjectTests/GroupProjectTests-Info.plist";
				PRODUCT_NAME = "$(TARGET_NAME)";
				TEST_HOST = "$(BUNDLE_LOADER)";
				WRAPPER_EXTENSION = xctest;
			};
			name = Release;
		};
/* End XCBuildConfiguration section */

/* Begin XCConfigurationList section */
		6583AF1018EC931D00D46333 /* Build configuration list for PBXProject "GroupProject" */ = {
			isa = XCConfigurationList;
			buildConfigurations = (
				6583AF3F18EC931D00D46333 /* Debug */,
				6583AF4018EC931D00D46333 /* Release */,
			);
			defaultConfigurationIsVisible = 0;
			defaultConfigurationName = Release;
		};
		6583AF4118EC931D00D46333 /* Build configuration list for PBXNativeTarget "GroupProject" */ = {
			isa = XCConfigurationList;
			buildConfigurations = (
				6583AF4218EC931D00D46333 /* Debug */,
				6583AF4318EC931D00D46333 /* Release */,
			);
			defaultConfigurationIsVisible = 0;
			defaultConfigurationName = Release;
		};
		6583AF4418EC931D00D46333 /* Build configuration list for PBXNativeTarget "GroupProjectTests" */ = {
			isa = XCConfigurationList;
			buildConfigurations = (
				6583AF4518EC931D00D46333 /* Debug */,
				6583AF4618EC931D00D46333 /* Release */,
			);
			defaultConfigurationIsVisible = 0;
			defaultConfigurationName = Release;
		};
/* End XCConfigurationList section */
	};
	rootObject = 6583AF0D18EC931D00D46333 /* Project object */;
}
